
Microsoft Visual Studio Solution File, Format Version 12.00
# Visual Studio 15
VisualStudioVersion = 15.0.28010.2046
MinimumVisualStudioVersion = 10.0.40219.1
Project("{FAE04EC0-301F-11D3-BF4B-00C04F79EFBC}") = "BrotherSamCoreApi", "BrotherSamCoreApi\BrotherSamCoreApi.csproj", "{A3B5DF0A-7E1D-4497-91CE-D80B81B8E524}"
EndProject
Global
	GlobalSection(SolutionConfigurationPlatforms) = preSolution
		Debug|Any CPU = Debug|Any CPU
		Release|Any CPU = Release|Any CPU
	EndGlobalSection
	GlobalSection(ProjectConfigurationPlatforms) = postSolution
		{A3B5DF0A-7E1D-4497-91CE-D80B81B8E524}.Debug|Any CPU.ActiveCfg = Debug|Any CPU
		{A3B5DF0A-7E1D-4497-91CE-D80B81B8E524}.Debug|Any CPU.Build.0 = Debug|Any CPU
		{A3B5DF0A-7E1D-4497-91CE-D80B81B8E524}.Release|Any CPU.ActiveCfg = Release|Any CPU
		{A3B5DF0A-7E1D-4497-91CE-D80B81B8E524}.Release|Any CPU.Build.0 = Release|Any CPU
	EndGlobalSection
	GlobalSection(SolutionProperties) = preSolution
		HideSolutionNode = FALSE
	EndGlobalSection
	GlobalSection(ExtensibilityGlobals) = postSolution
		SolutionGuid = {F680E55A-3449-4C10-85CD-E351001983A9}
	EndGlobalSection
EndGlobal
